# This file is autogenerated, do not edit; changes may be undone by the next 'dep ensure'.


[[projects]]
  branch = "master"
  name = "github.com/sugoiuguu/go-glitch"
  packages = ["."]
  revision = "12c833b3f705edd8360a802f4977e0afbce0b665"

[solve-meta]
  analyzer-name = "dep"
  analyzer-version = 1
  inputs-digest = "e66ec1ca156a06572cb682e91acd0b148a8b35641247553284f0380872513696"
  solver-name = "gps-cdcl"
  solver-version = 1
